
Microsoft Visual Studio Solution File, Format Version 12.00
# Visual Studio 15
Project("{FAE04EC0-301F-11D3-BF4B-00C04F79EFBC}") = "UnityEngine.UI", "UnityEngine.UI.csproj", "{5A5BE297-EB22-7A88-2C88-CDD7BCFDE540}"
EndProject
Project("{FAE04EC0-301F-11D3-BF4B-00C04F79EFBC}") = "UnityEngine.TestRunner", "UnityEngine.TestRunner.csproj", "{09BFEE84-8E31-01C4-0FEE-35F2A93F5D91}"
EndProject
Project("{FAE04EC0-301F-11D3-BF4B-00C04F79EFBC}") = "Unity.Mathematics", "Unity.Mathematics.csproj", "{2A233DFB-26A8-1812-D2E3-814D476A14DB}"
EndProject
Project("{FAE04EC0-301F-11D3-BF4B-00C04F79EFBC}") = "Unity.2D.Animation.Triangle.Runtime", "Unity.2D.Animation.Triangle.Runtime.csproj", "{136B93C8-757B-863A-F7A7-9063EEFFADA4}"
EndProject
Project("{FAE04EC0-301F-11D3-BF4B-00C04F79EFBC}") = "Assembly-CSharp", "Assembly-CSharp.csproj", "{2F1371F5-8741-6FD0-9DA5-70BC0474BC48}"
EndProject
Project("{FAE04EC0-301F-11D3-BF4B-00C04F79EFBC}") = "Unity.Timeline", "Unity.Timeline.csproj", "{2D8F111F-5399-5869-0D39-1624EB673290}"
EndProject
Project("{FAE04EC0-301F-11D3-BF4B-00C04F79EFBC}") = "Cinemachine", "Cinemachine.csproj", "{2E14A198-BD30-CBED-FCB1-23B88EC3B16A}"
EndProject
Project("{FAE04EC0-301F-11D3-BF4B-00C04F79EFBC}") = "Unity.TextMeshPro", "Unity.TextMeshPro.csproj", "{A46D92FD-45F2-D8F0-271D-AC448AA4A9A5}"
EndProject
Project("{FAE04EC0-301F-11D3-BF4B-00C04F79EFBC}") = "Unity.2D.Animation.Runtime", "Unity.2D.Animation.Runtime.csproj", "{A9660804-A153-5C6D-B7A9-750B2E3C3565}"
EndProject
Project("{FAE04EC0-301F-11D3-BF4B-00C04F79EFBC}") = "Unity.2D.IK.Runtime", "Unity.2D.IK.Runtime.csproj", "{62FE85DF-975A-C14B-8884-759AB0A6C812}"
EndProject
Project("{FAE04EC0-301F-11D3-BF4B-00C04F79EFBC}") = "Unity.2D.SpriteShape.Runtime", "Unity.2D.SpriteShape.Runtime.csproj", "{94E06094-7B84-C5D6-4224-2ADC39CDF99E}"
EndProject
Project("{FAE04EC0-301F-11D3-BF4B-00C04F79EFBC}") = "Unity.2D.PixelPerfect", "Unity.2D.PixelPerfect.csproj", "{41E6968A-2AD2-5101-ECC4-9F0BA2DFDC9C}"
EndProject
Project("{FAE04EC0-301F-11D3-BF4B-00C04F79EFBC}") = "Unity.2D.Common.Runtime", "Unity.2D.Common.Runtime.csproj", "{64CEC8CD-8FB3-5082-97BA-5B5228EFDCAD}"
EndProject
Project("{FAE04EC0-301F-11D3-BF4B-00C04F79EFBC}") = "Unity.InternalAPIEngineBridge.001", "Unity.InternalAPIEngineBridge.001.csproj", "{FBD2BE30-D33D-5BE9-F84D-4F6109B7E3CD}"
EndProject
Project("{FAE04EC0-301F-11D3-BF4B-00C04F79EFBC}") = "UnityEditor.TestRunner", "UnityEditor.TestRunner.csproj", "{DBBE0F60-BE76-9B73-CDCF-720FED99C656}"
EndProject
Project("{FAE04EC0-301F-11D3-BF4B-00C04F79EFBC}") = "Unity.PlasticSCM.Editor", "Unity.PlasticSCM.Editor.csproj", "{6288D2DA-3C45-3F3F-F2C3-E45CC5ABA435}"
EndProject
Project("{FAE04EC0-301F-11D3-BF4B-00C04F79EFBC}") = "UnityEditor.UI", "UnityEditor.UI.csproj", "{F1471AC4-DBFC-CE4A-0A61-A1D3E4902323}"
EndProject
Project("{FAE04EC0-301F-11D3-BF4B-00C04F79EFBC}") = "Unity.Timeline.Editor", "Unity.Timeline.Editor.csproj", "{9FF70A91-693A-F4A4-E957-BF97D5580CAB}"
EndProject
Project("{FAE04EC0-301F-11D3-BF4B-00C04F79EFBC}") = "Unity.VisualStudio.Editor", "Unity.VisualStudio.Editor.csproj", "{A8157FF3-63C1-C72B-D0F4-92554128F5A8}"
EndProject
Project("{FAE04EC0-301F-11D3-BF4B-00C04F79EFBC}") = "com.unity.cinemachine.editor", "com.unity.cinemachine.editor.csproj", "{32D9EA5D-57DF-55BD-EB14-D0DE900318BD}"
EndProject
Project("{FAE04EC0-301F-11D3-BF4B-00C04F79EFBC}") = "Unity.2D.Psdimporter.Editor", "Unity.2D.Psdimporter.Editor.csproj", "{8B46D167-F156-FED9-1FE8-C2EB918A9FC4}"
EndProject
Project("{FAE04EC0-301F-11D3-BF4B-00C04F79EFBC}") = "Unity.2D.Animation.Editor", "Unity.2D.Animation.Editor.csproj", "{A147EB8A-75E3-3E27-C4BF-1F64FCD5116F}"
EndProject
Project("{FAE04EC0-301F-11D3-BF4B-00C04F79EFBC}") = "Unity.TextMeshPro.Editor", "Unity.TextMeshPro.Editor.csproj", "{F6B10472-3823-E171-680F-2ED780582695}"
EndProject
Project("{FAE04EC0-301F-11D3-BF4B-00C04F79EFBC}") = "Unity.2D.SpriteShape.Editor", "Unity.2D.SpriteShape.Editor.csproj", "{A51E770A-95FB-E994-3387-BA954A5AAEFC}"
EndProject
Project("{FAE04EC0-301F-11D3-BF4B-00C04F79EFBC}") = "Unity.CollabProxy.Editor", "Unity.CollabProxy.Editor.csproj", "{E470698C-2F05-CB22-0491-D3950C513896}"
EndProject
Project("{FAE04EC0-301F-11D3-BF4B-00C04F79EFBC}") = "PsdPlugin", "PsdPlugin.csproj", "{6902B1C9-C9AA-7D5D-13E9-CA326A5639EB}"
EndProject
Project("{FAE04EC0-301F-11D3-BF4B-00C04F79EFBC}") = "Unity.2D.Path.Editor", "Unity.2D.Path.Editor.csproj", "{BD50F179-D249-4FAF-CED7-1064DD72B68F}"
EndProject
Project("{FAE04EC0-301F-11D3-BF4B-00C04F79EFBC}") = "Unity.Rider.Editor", "Unity.Rider.Editor.csproj", "{E7241867-096A-97CF-48C1-FCAD0BC4145F}"
EndProject
Project("{FAE04EC0-301F-11D3-BF4B-00C04F79EFBC}") = "Unity.2D.IK.Editor", "Unity.2D.IK.Editor.csproj", "{BFBB51FF-D4C6-86A1-55FD-97422356C45F}"
EndProject
Project("{FAE04EC0-301F-11D3-BF4B-00C04F79EFBC}") = "Unity.2D.Sprite.Editor", "Unity.2D.Sprite.Editor.csproj", "{57DABAA4-4C96-D523-FFB9-88242CFFABED}"
EndProject
Project("{FAE04EC0-301F-11D3-BF4B-00C04F79EFBC}") = "Unity.2D.Tilemap.Editor", "Unity.2D.Tilemap.Editor.csproj", "{A25A4099-E4BC-A380-6F81-D6117468C6DC}"
EndProject
Project("{FAE04EC0-301F-11D3-BF4B-00C04F79EFBC}") = "Unity.2D.PixelPerfect.Editor", "Unity.2D.PixelPerfect.Editor.csproj", "{E8C1D7CE-1EEE-95B5-06E8-905AFF09E934}"
EndProject
Project("{FAE04EC0-301F-11D3-BF4B-00C04F79EFBC}") = "Unity.VSCode.Editor", "Unity.VSCode.Editor.csproj", "{E78D64B9-B359-C722-64F4-037F198CE166}"
EndProject
Project("{FAE04EC0-301F-11D3-BF4B-00C04F79EFBC}") = "Unity.2D.Common.Editor", "Unity.2D.Common.Editor.csproj", "{62FA069A-C707-5A50-F773-BF3E5B1998B3}"
EndProject
Project("{FAE04EC0-301F-11D3-BF4B-00C04F79EFBC}") = "Unity.Mathematics.Editor", "Unity.Mathematics.Editor.csproj", "{54EFECDA-B90E-3577-71BA-77D4EEFF110D}"
EndProject
Project("{FAE04EC0-301F-11D3-BF4B-00C04F79EFBC}") = "Unity.InternalAPIEditorBridge.001", "Unity.InternalAPIEditorBridge.001.csproj", "{B7C19EA4-82C7-DA47-9602-6EE9FDB8B5F0}"
EndProject
Project("{FAE04EC0-301F-11D3-BF4B-00C04F79EFBC}") = "UnityEngine.UI", "UnityEngine.UI.Player.csproj", "{D04DBDFB-70E5-EB1F-B265-6DE4DA1E5252}"
EndProject
Project("{FAE04EC0-301F-11D3-BF4B-00C04F79EFBC}") = "UnityEngine.TestRunner", "UnityEngine.TestRunner.Player.csproj", "{B40A6150-855A-276E-5C4D-C6D40AEDCA3B}"
EndProject
Project("{FAE04EC0-301F-11D3-BF4B-00C04F79EFBC}") = "Unity.Mathematics", "Unity.Mathematics.Player.csproj", "{7DB5DCC7-723C-DD5A-B95B-B3C22D14DE14}"
EndProject
Project("{FAE04EC0-301F-11D3-BF4B-00C04F79EFBC}") = "Unity.2D.Animation.Triangle.Runtime", "Unity.2D.Animation.Triangle.Runtime.Player.csproj", "{F1173C6F-35F3-3156-D74D-3A6BFD88AC8C}"
EndProject
Project("{FAE04EC0-301F-11D3-BF4B-00C04F79EFBC}") = "Assembly-CSharp", "Assembly-CSharp.Player.csproj", "{EA008514-EADE-316A-5FFC-251618E29011}"
EndProject
Project("{FAE04EC0-301F-11D3-BF4B-00C04F79EFBC}") = "Unity.Timeline", "Unity.Timeline.Player.csproj", "{7FC5943C-D291-1531-F8A7-5E60EDB2B583}"
EndProject
Project("{FAE04EC0-301F-11D3-BF4B-00C04F79EFBC}") = "Cinemachine", "Cinemachine.Player.csproj", "{C88CE4AE-CF2D-F5FE-5E3B-A53B37623DF5}"
EndProject
Project("{FAE04EC0-301F-11D3-BF4B-00C04F79EFBC}") = "Unity.TextMeshPro", "Unity.TextMeshPro.Player.csproj", "{F2689257-58F1-E3C5-E838-CD4E9271C670}"
EndProject
Project("{FAE04EC0-301F-11D3-BF4B-00C04F79EFBC}") = "Unity.2D.Animation.Runtime", "Unity.2D.Animation.Runtime.Player.csproj", "{83F03E0A-0909-763C-1CB4-6FE93B84E118}"
EndProject
Project("{FAE04EC0-301F-11D3-BF4B-00C04F79EFBC}") = "Unity.2D.IK.Runtime", "Unity.2D.IK.Runtime.Player.csproj", "{69CF49B2-843F-CEF8-AF8D-E11C9E48E8F4}"
EndProject
Project("{FAE04EC0-301F-11D3-BF4B-00C04F79EFBC}") = "Unity.2D.SpriteShape.Runtime", "Unity.2D.SpriteShape.Runtime.Player.csproj", "{FCC9F185-2AF6-A804-64AC-FC1AD125F003}"
EndProject
Project("{FAE04EC0-301F-11D3-BF4B-00C04F79EFBC}") = "Unity.2D.PixelPerfect", "Unity.2D.PixelPerfect.Player.csproj", "{6C57C3E0-816D-6F46-E984-554F0EB8B57C}"
EndProject
Project("{FAE04EC0-301F-11D3-BF4B-00C04F79EFBC}") = "Unity.2D.Common.Runtime", "Unity.2D.Common.Runtime.Player.csproj", "{235F2194-4840-DE8C-4816-8A18A6DFF3F4}"
EndProject
Project("{FAE04EC0-301F-11D3-BF4B-00C04F79EFBC}") = "Unity.InternalAPIEngineBridge.001", "Unity.InternalAPIEngineBridge.001.Player.csproj", "{78B5DDAC-8EBA-3C91-639E-2D650522C938}"
EndProject
Global
	GlobalSection(SolutionConfigurationPlatforms) = preSolution
		Debug|Any CPU = Debug|Any CPU
		Release|Any CPU = Release|Any CPU
	EndGlobalSection
	GlobalSection(ProjectConfigurationPlatforms) = postSolution
		{5A5BE297-EB22-7A88-2C88-CDD7BCFDE540}.Debug|Any CPU.ActiveCfg = Debug|Any CPU
		{5A5BE297-EB22-7A88-2C88-CDD7BCFDE540}.Debug|Any CPU.Build.0 = Debug|Any CPU
		{5A5BE297-EB22-7A88-2C88-CDD7BCFDE540}.Release|Any CPU.ActiveCfg = Release|Any CPU
		{5A5BE297-EB22-7A88-2C88-CDD7BCFDE540}.Release|Any CPU.Build.0 = Release|Any CPU
		{09BFEE84-8E31-01C4-0FEE-35F2A93F5D91}.Debug|Any CPU.ActiveCfg = Debug|Any CPU
		{09BFEE84-8E31-01C4-0FEE-35F2A93F5D91}.Debug|Any CPU.Build.0 = Debug|Any CPU
		{09BFEE84-8E31-01C4-0FEE-35F2A93F5D91}.Release|Any CPU.ActiveCfg = Release|Any CPU
		{09BFEE84-8E31-01C4-0FEE-35F2A93F5D91}.Release|Any CPU.Build.0 = Release|Any CPU
		{2A233DFB-26A8-1812-D2E3-814D476A14DB}.Debug|Any CPU.ActiveCfg = Debug|Any CPU
		{2A233DFB-26A8-1812-D2E3-814D476A14DB}.Debug|Any CPU.Build.0 = Debug|Any CPU
		{2A233DFB-26A8-1812-D2E3-814D476A14DB}.Release|Any CPU.ActiveCfg = Release|Any CPU
		{2A233DFB-26A8-1812-D2E3-814D476A14DB}.Release|Any CPU.Build.0 = Release|Any CPU
		{136B93C8-757B-863A-F7A7-9063EEFFADA4}.Debug|Any CPU.ActiveCfg = Debug|Any CPU
		{136B93C8-757B-863A-F7A7-9063EEFFADA4}.Debug|Any CPU.Build.0 = Debug|Any CPU
		{136B93C8-757B-863A-F7A7-9063EEFFADA4}.Release|Any CPU.ActiveCfg = Release|Any CPU
		{136B93C8-757B-863A-F7A7-9063EEFFADA4}.Release|Any CPU.Build.0 = Release|Any CPU
		{2F1371F5-8741-6FD0-9DA5-70BC0474BC48}.Debug|Any CPU.ActiveCfg = Debug|Any CPU
		{2F1371F5-8741-6FD0-9DA5-70BC0474BC48}.Debug|Any CPU.Build.0 = Debug|Any CPU
		{2F1371F5-8741-6FD0-9DA5-70BC0474BC48}.Release|Any CPU.ActiveCfg = Release|Any CPU
		{2F1371F5-8741-6FD0-9DA5-70BC0474BC48}.Release|Any CPU.Build.0 = Release|Any CPU
		{2D8F111F-5399-5869-0D39-1624EB673290}.Debug|Any CPU.ActiveCfg = Debug|Any CPU
		{2D8F111F-5399-5869-0D39-1624EB673290}.Debug|Any CPU.Build.0 = Debug|Any CPU
		{2D8F111F-5399-5869-0D39-1624EB673290}.Release|Any CPU.ActiveCfg = Release|Any CPU
		{2D8F111F-5399-5869-0D39-1624EB673290}.Release|Any CPU.Build.0 = Release|Any CPU
		{2E14A198-BD30-CBED-FCB1-23B88EC3B16A}.Debug|Any CPU.ActiveCfg = Debug|Any CPU
		{2E14A198-BD30-CBED-FCB1-23B88EC3B16A}.Debug|Any CPU.Build.0 = Debug|Any CPU
		{2E14A198-BD30-CBED-FCB1-23B88EC3B16A}.Release|Any CPU.ActiveCfg = Release|Any CPU
		{2E14A198-BD30-CBED-FCB1-23B88EC3B16A}.Release|Any CPU.Build.0 = Release|Any CPU
		{A46D92FD-45F2-D8F0-271D-AC448AA4A9A5}.Debug|Any CPU.ActiveCfg = Debug|Any CPU
		{A46D92FD-45F2-D8F0-271D-AC448AA4A9A5}.Debug|Any CPU.Build.0 = Debug|Any CPU
		{A46D92FD-45F2-D8F0-271D-AC448AA4A9A5}.Release|Any CPU.ActiveCfg = Release|Any CPU
		{A46D92FD-45F2-D8F0-271D-AC448AA4A9A5}.Release|Any CPU.Build.0 = Release|Any CPU
		{A9660804-A153-5C6D-B7A9-750B2E3C3565}.Debug|Any CPU.ActiveCfg = Debug|Any CPU
		{A9660804-A153-5C6D-B7A9-750B2E3C3565}.Debug|Any CPU.Build.0 = Debug|Any CPU
		{A9660804-A153-5C6D-B7A9-750B2E3C3565}.Release|Any CPU.ActiveCfg = Release|Any CPU
		{A9660804-A153-5C6D-B7A9-750B2E3C3565}.Release|Any CPU.Build.0 = Release|Any CPU
		{62FE85DF-975A-C14B-8884-759AB0A6C812}.Debug|Any CPU.ActiveCfg = Debug|Any CPU
		{62FE85DF-975A-C14B-8884-759AB0A6C812}.Debug|Any CPU.Build.0 = Debug|Any CPU
		{62FE85DF-975A-C14B-8884-759AB0A6C812}.Release|Any CPU.ActiveCfg = Release|Any CPU
		{62FE85DF-975A-C14B-8884-759AB0A6C812}.Release|Any CPU.Build.0 = Release|Any CPU
		{94E06094-7B84-C5D6-4224-2ADC39CDF99E}.Debug|Any CPU.ActiveCfg = Debug|Any CPU
		{94E06094-7B84-C5D6-4224-2ADC39CDF99E}.Debug|Any CPU.Build.0 = Debug|Any CPU
		{94E06094-7B84-C5D6-4224-2ADC39CDF99E}.Release|Any CPU.ActiveCfg = Release|Any CPU
		{94E06094-7B84-C5D6-4224-2ADC39CDF99E}.Release|Any CPU.Build.0 = Release|Any CPU
		{41E6968A-2AD2-5101-ECC4-9F0BA2DFDC9C}.Debug|Any CPU.ActiveCfg = Debug|Any CPU
		{41E6968A-2AD2-5101-ECC4-9F0BA2DFDC9C}.Debug|Any CPU.Build.0 = Debug|Any CPU
		{41E6968A-2AD2-5101-ECC4-9F0BA2DFDC9C}.Release|Any CPU.ActiveCfg = Release|Any CPU
		{41E6968A-2AD2-5101-ECC4-9F0BA2DFDC9C}.Release|Any CPU.Build.0 = Release|Any CPU
		{64CEC8CD-8FB3-5082-97BA-5B5228EFDCAD}.Debug|Any CPU.ActiveCfg = Debug|Any CPU
		{64CEC8CD-8FB3-5082-97BA-5B5228EFDCAD}.Debug|Any CPU.Build.0 = Debug|Any CPU
		{64CEC8CD-8FB3-5082-97BA-5B5228EFDCAD}.Release|Any CPU.ActiveCfg = Release|Any CPU
		{64CEC8CD-8FB3-5082-97BA-5B5228EFDCAD}.Release|Any CPU.Build.0 = Release|Any CPU
		{FBD2BE30-D33D-5BE9-F84D-4F6109B7E3CD}.Debug|Any CPU.ActiveCfg = Debug|Any CPU
		{FBD2BE30-D33D-5BE9-F84D-4F6109B7E3CD}.Debug|Any CPU.Build.0 = Debug|Any CPU
		{FBD2BE30-D33D-5BE9-F84D-4F6109B7E3CD}.Release|Any CPU.ActiveCfg = Release|Any CPU
		{FBD2BE30-D33D-5BE9-F84D-4F6109B7E3CD}.Release|Any CPU.Build.0 = Release|Any CPU
		{DBBE0F60-BE76-9B73-CDCF-720FED99C656}.Debug|Any CPU.ActiveCfg = Debug|Any CPU
		{DBBE0F60-BE76-9B73-CDCF-720FED99C656}.Debug|Any CPU.Build.0 = Debug|Any CPU
		{DBBE0F60-BE76-9B73-CDCF-720FED99C656}.Release|Any CPU.ActiveCfg = Release|Any CPU
		{DBBE0F60-BE76-9B73-CDCF-720FED99C656}.Release|Any CPU.Build.0 = Release|Any CPU
		{6288D2DA-3C45-3F3F-F2C3-E45CC5ABA435}.Debug|Any CPU.ActiveCfg = Debug|Any CPU
		{6288D2DA-3C45-3F3F-F2C3-E45CC5ABA435}.Debug|Any CPU.Build.0 = Debug|Any CPU
		{6288D2DA-3C45-3F3F-F2C3-E45CC5ABA435}.Release|Any CPU.ActiveCfg = Release|Any CPU
		{6288D2DA-3C45-3F3F-F2C3-E45CC5ABA435}.Release|Any CPU.Build.0 = Release|Any CPU
		{F1471AC4-DBFC-CE4A-0A61-A1D3E4902323}.Debug|Any CPU.ActiveCfg = Debug|Any CPU
		{F1471AC4-DBFC-CE4A-0A61-A1D3E4902323}.Debug|Any CPU.Build.0 = Debug|Any CPU
		{F1471AC4-DBFC-CE4A-0A61-A1D3E4902323}.Release|Any CPU.ActiveCfg = Release|Any CPU
		{F1471AC4-DBFC-CE4A-0A61-A1D3E4902323}.Release|Any CPU.Build.0 = Release|Any CPU
		{9FF70A91-693A-F4A4-E957-BF97D5580CAB}.Debug|Any CPU.ActiveCfg = Debug|Any CPU
		{9FF70A91-693A-F4A4-E957-BF97D5580CAB}.Debug|Any CPU.Build.0 = Debug|Any CPU
		{9FF70A91-693A-F4A4-E957-BF97D5580CAB}.Release|Any CPU.ActiveCfg = Release|Any CPU
		{9FF70A91-693A-F4A4-E957-BF97D5580CAB}.Release|Any CPU.Build.0 = Release|Any CPU
		{A8157FF3-63C1-C72B-D0F4-92554128F5A8}.Debug|Any CPU.ActiveCfg = Debug|Any CPU
		{A8157FF3-63C1-C72B-D0F4-92554128F5A8}.Debug|Any CPU.Build.0 = Debug|Any CPU
		{A8157FF3-63C1-C72B-D0F4-92554128F5A8}.Release|Any CPU.ActiveCfg = Release|Any CPU
		{A8157FF3-63C1-C72B-D0F4-92554128F5A8}.Release|Any CPU.Build.0 = Release|Any CPU
		{32D9EA5D-57DF-55BD-EB14-D0DE900318BD}.Debug|Any CPU.ActiveCfg = Debug|Any CPU
		{32D9EA5D-57DF-55BD-EB14-D0DE900318BD}.Debug|Any CPU.Build.0 = Debug|Any CPU
		{32D9EA5D-57DF-55BD-EB14-D0DE900318BD}.Release|Any CPU.ActiveCfg = Release|Any CPU
		{32D9EA5D-57DF-55BD-EB14-D0DE900318BD}.Release|Any CPU.Build.0 = Release|Any CPU
		{8B46D167-F156-FED9-1FE8-C2EB918A9FC4}.Debug|Any CPU.ActiveCfg = Debug|Any CPU
		{8B46D167-F156-FED9-1FE8-C2EB918A9FC4}.Debug|Any CPU.Build.0 = Debug|Any CPU
		{8B46D167-F156-FED9-1FE8-C2EB918A9FC4}.Release|Any CPU.ActiveCfg = Release|Any CPU
		{8B46D167-F156-FED9-1FE8-C2EB918A9FC4}.Release|Any CPU.Build.0 = Release|Any CPU
		{A147EB8A-75E3-3E27-C4BF-1F64FCD5116F}.Debug|Any CPU.ActiveCfg = Debug|Any CPU
		{A147EB8A-75E3-3E27-C4BF-1F64FCD5116F}.Debug|Any CPU.Build.0 = Debug|Any CPU
		{A147EB8A-75E3-3E27-C4BF-1F64FCD5116F}.Release|Any CPU.ActiveCfg = Release|Any CPU
		{A147EB8A-75E3-3E27-C4BF-1F64FCD5116F}.Release|Any CPU.Build.0 = Release|Any CPU
		{F6B10472-3823-E171-680F-2ED780582695}.Debug|Any CPU.ActiveCfg = Debug|Any CPU
		{F6B10472-3823-E171-680F-2ED780582695}.Debug|Any CPU.Build.0 = Debug|Any CPU
		{F6B10472-3823-E171-680F-2ED780582695}.Release|Any CPU.ActiveCfg = Release|Any CPU
		{F6B10472-3823-E171-680F-2ED780582695}.Release|Any CPU.Build.0 = Release|Any CPU
		{A51E770A-95FB-E994-3387-BA954A5AAEFC}.Debug|Any CPU.ActiveCfg = Debug|Any CPU
		{A51E770A-95FB-E994-3387-BA954A5AAEFC}.Debug|Any CPU.Build.0 = Debug|Any CPU
		{A51E770A-95FB-E994-3387-BA954A5AAEFC}.Release|Any CPU.ActiveCfg = Release|Any CPU
		{A51E770A-95FB-E994-3387-BA954A5AAEFC}.Release|Any CPU.Build.0 = Release|Any CPU
		{E470698C-2F05-CB22-0491-D3950C513896}.Debug|Any CPU.ActiveCfg = Debug|Any CPU
		{E470698C-2F05-CB22-0491-D3950C513896}.Debug|Any CPU.Build.0 = Debug|Any CPU
		{E470698C-2F05-CB22-0491-D3950C513896}.Release|Any CPU.ActiveCfg = Release|Any CPU
		{E470698C-2F05-CB22-0491-D3950C513896}.Release|Any CPU.Build.0 = Release|Any CPU
		{6902B1C9-C9AA-7D5D-13E9-CA326A5639EB}.Debug|Any CPU.ActiveCfg = Debug|Any CPU
		{6902B1C9-C9AA-7D5D-13E9-CA326A5639EB}.Debug|Any CPU.Build.0 = Debug|Any CPU
		{6902B1C9-C9AA-7D5D-13E9-CA326A5639EB}.Release|Any CPU.ActiveCfg = Release|Any CPU
		{6902B1C9-C9AA-7D5D-13E9-CA326A5639EB}.Release|Any CPU.Build.0 = Release|Any CPU
		{BD50F179-D249-4FAF-CED7-1064DD72B68F}.Debug|Any CPU.ActiveCfg = Debug|Any CPU
		{BD50F179-D249-4FAF-CED7-1064DD72B68F}.Debug|Any CPU.Build.0 = Debug|Any CPU
		{BD50F179-D249-4FAF-CED7-1064DD72B68F}.Release|Any CPU.ActiveCfg = Release|Any CPU
		{BD50F179-D249-4FAF-CED7-1064DD72B68F}.Release|Any CPU.Build.0 = Release|Any CPU
		{E7241867-096A-97CF-48C1-FCAD0BC4145F}.Debug|Any CPU.ActiveCfg = Debug|Any CPU
		{E7241867-096A-97CF-48C1-FCAD0BC4145F}.Debug|Any CPU.Build.0 = Debug|Any CPU
		{E7241867-096A-97CF-48C1-FCAD0BC4145F}.Release|Any CPU.ActiveCfg = Release|Any CPU
		{E7241867-096A-97CF-48C1-FCAD0BC4145F}.Release|Any CPU.Build.0 = Release|Any CPU
		{BFBB51FF-D4C6-86A1-55FD-97422356C45F}.Debug|Any CPU.ActiveCfg = Debug|Any CPU
		{BFBB51FF-D4C6-86A1-55FD-97422356C45F}.Debug|Any CPU.Build.0 = Debug|Any CPU
		{BFBB51FF-D4C6-86A1-55FD-97422356C45F}.Release|Any CPU.ActiveCfg = Release|Any CPU
		{BFBB51FF-D4C6-86A1-55FD-97422356C45F}.Release|Any CPU.Build.0 = Release|Any CPU
		{57DABAA4-4C96-D523-FFB9-88242CFFABED}.Debug|Any CPU.ActiveCfg = Debug|Any CPU
		{57DABAA4-4C96-D523-FFB9-88242CFFABED}.Debug|Any CPU.Build.0 = Debug|Any CPU
		{57DABAA4-4C96-D523-FFB9-88242CFFABED}.Release|Any CPU.ActiveCfg = Release|Any CPU
		{57DABAA4-4C96-D523-FFB9-88242CFFABED}.Release|Any CPU.Build.0 = Release|Any CPU
		{A25A4099-E4BC-A380-6F81-D6117468C6DC}.Debug|Any CPU.ActiveCfg = Debug|Any CPU
		{A25A4099-E4BC-A380-6F81-D6117468C6DC}.Debug|Any CPU.Build.0 = Debug|Any CPU
		{A25A4099-E4BC-A380-6F81-D6117468C6DC}.Release|Any CPU.ActiveCfg = Release|Any CPU
		{A25A4099-E4BC-A380-6F81-D6117468C6DC}.Release|Any CPU.Build.0 = Release|Any CPU
		{E8C1D7CE-1EEE-95B5-06E8-905AFF09E934}.Debug|Any CPU.ActiveCfg = Debug|Any CPU
		{E8C1D7CE-1EEE-95B5-06E8-905AFF09E934}.Debug|Any CPU.Build.0 = Debug|Any CPU
		{E8C1D7CE-1EEE-95B5-06E8-905AFF09E934}.Release|Any CPU.ActiveCfg = Release|Any CPU
		{E8C1D7CE-1EEE-95B5-06E8-905AFF09E934}.Release|Any CPU.Build.0 = Release|Any CPU
		{E78D64B9-B359-C722-64F4-037F198CE166}.Debug|Any CPU.ActiveCfg = Debug|Any CPU
		{E78D64B9-B359-C722-64F4-037F198CE166}.Debug|Any CPU.Build.0 = Debug|Any CPU
		{E78D64B9-B359-C722-64F4-037F198CE166}.Release|Any CPU.ActiveCfg = Release|Any CPU
		{E78D64B9-B359-C722-64F4-037F198CE166}.Release|Any CPU.Build.0 = Release|Any CPU
		{62FA069A-C707-5A50-F773-BF3E5B1998B3}.Debug|Any CPU.ActiveCfg = Debug|Any CPU
		{62FA069A-C707-5A50-F773-BF3E5B1998B3}.Debug|Any CPU.Build.0 = Debug|Any CPU
		{62FA069A-C707-5A50-F773-BF3E5B1998B3}.Release|Any CPU.ActiveCfg = Release|Any CPU
		{62FA069A-C707-5A50-F773-BF3E5B1998B3}.Release|Any CPU.Build.0 = Release|Any CPU
		{54EFECDA-B90E-3577-71BA-77D4EEFF110D}.Debug|Any CPU.ActiveCfg = Debug|Any CPU
		{54EFECDA-B90E-3577-71BA-77D4EEFF110D}.Debug|Any CPU.Build.0 = Debug|Any CPU
		{54EFECDA-B90E-3577-71BA-77D4EEFF110D}.Release|Any CPU.ActiveCfg = Release|Any CPU
		{54EFECDA-B90E-3577-71BA-77D4EEFF110D}.Release|Any CPU.Build.0 = Release|Any CPU
		{B7C19EA4-82C7-DA47-9602-6EE9FDB8B5F0}.Debug|Any CPU.ActiveCfg = Debug|Any CPU
		{B7C19EA4-82C7-DA47-9602-6EE9FDB8B5F0}.Debug|Any CPU.Build.0 = Debug|Any CPU
		{B7C19EA4-82C7-DA47-9602-6EE9FDB8B5F0}.Release|Any CPU.ActiveCfg = Release|Any CPU
		{B7C19EA4-82C7-DA47-9602-6EE9FDB8B5F0}.Release|Any CPU.Build.0 = Release|Any CPU
		{D04DBDFB-70E5-EB1F-B265-6DE4DA1E5252}.Debug|Any CPU.ActiveCfg = Debug|Any CPU
		{D04DBDFB-70E5-EB1F-B265-6DE4DA1E5252}.Debug|Any CPU.Build.0 = Debug|Any CPU
		{D04DBDFB-70E5-EB1F-B265-6DE4DA1E5252}.Release|Any CPU.ActiveCfg = Release|Any CPU
		{D04DBDFB-70E5-EB1F-B265-6DE4DA1E5252}.Release|Any CPU.Build.0 = Release|Any CPU
		{B40A6150-855A-276E-5C4D-C6D40AEDCA3B}.Debug|Any CPU.ActiveCfg = Debug|Any CPU
		{B40A6150-855A-276E-5C4D-C6D40AEDCA3B}.Debug|Any CPU.Build.0 = Debug|Any CPU
		{B40A6150-855A-276E-5C4D-C6D40AEDCA3B}.Release|Any CPU.ActiveCfg = Release|Any CPU
		{B40A6150-855A-276E-5C4D-C6D40AEDCA3B}.Release|Any CPU.Build.0 = Release|Any CPU
		{7DB5DCC7-723C-DD5A-B95B-B3C22D14DE14}.Debug|Any CPU.ActiveCfg = Debug|Any CPU
		{7DB5DCC7-723C-DD5A-B95B-B3C22D14DE14}.Debug|Any CPU.Build.0 = Debug|Any CPU
		{7DB5DCC7-723C-DD5A-B95B-B3C22D14DE14}.Release|Any CPU.ActiveCfg = Release|Any CPU
		{7DB5DCC7-723C-DD5A-B95B-B3C22D14DE14}.Release|Any CPU.Build.0 = Release|Any CPU
		{F1173C6F-35F3-3156-D74D-3A6BFD88AC8C}.Debug|Any CPU.ActiveCfg = Debug|Any CPU
		{F1173C6F-35F3-3156-D74D-3A6BFD88AC8C}.Debug|Any CPU.Build.0 = Debug|Any CPU
		{F1173C6F-35F3-3156-D74D-3A6BFD88AC8C}.Release|Any CPU.ActiveCfg = Release|Any CPU
		{F1173C6F-35F3-3156-D74D-3A6BFD88AC8C}.Release|Any CPU.Build.0 = Release|Any CPU
		{EA008514-EADE-316A-5FFC-251618E29011}.Debug|Any CPU.ActiveCfg = Debug|Any CPU
		{EA008514-EADE-316A-5FFC-251618E29011}.Debug|Any CPU.Build.0 = Debug|Any CPU
		{EA008514-EADE-316A-5FFC-251618E29011}.Release|Any CPU.ActiveCfg = Release|Any CPU
		{EA008514-EADE-316A-5FFC-251618E29011}.Release|Any CPU.Build.0 = Release|Any CPU
		{7FC5943C-D291-1531-F8A7-5E60EDB2B583}.Debug|Any CPU.ActiveCfg = Debug|Any CPU
		{7FC5943C-D291-1531-F8A7-5E60EDB2B583}.Debug|Any CPU.Build.0 = Debug|Any CPU
		{7FC5943C-D291-1531-F8A7-5E60EDB2B583}.Release|Any CPU.ActiveCfg = Release|Any CPU
		{7FC5943C-D291-1531-F8A7-5E60EDB2B583}.Release|Any CPU.Build.0 = Release|Any CPU
		{C88CE4AE-CF2D-F5FE-5E3B-A53B37623DF5}.Debug|Any CPU.ActiveCfg = Debug|Any CPU
		{C88CE4AE-CF2D-F5FE-5E3B-A53B37623DF5}.Debug|Any CPU.Build.0 = Debug|Any CPU
		{C88CE4AE-CF2D-F5FE-5E3B-A53B37623DF5}.Release|Any CPU.ActiveCfg = Release|Any CPU
		{C88CE4AE-CF2D-F5FE-5E3B-A53B37623DF5}.Release|Any CPU.Build.0 = Release|Any CPU
		{F2689257-58F1-E3C5-E838-CD4E9271C670}.Debug|Any CPU.ActiveCfg = Debug|Any CPU
		{F2689257-58F1-E3C5-E838-CD4E9271C670}.Debug|Any CPU.Build.0 = Debug|Any CPU
		{F2689257-58F1-E3C5-E838-CD4E9271C670}.Release|Any CPU.ActiveCfg = Release|Any CPU
		{F2689257-58F1-E3C5-E838-CD4E9271C670}.Release|Any CPU.Build.0 = Release|Any CPU
		{83F03E0A-0909-763C-1CB4-6FE93B84E118}.Debug|Any CPU.ActiveCfg = Debug|Any CPU
		{83F03E0A-0909-763C-1CB4-6FE93B84E118}.Debug|Any CPU.Build.0 = Debug|Any CPU
		{83F03E0A-0909-763C-1CB4-6FE93B84E118}.Release|Any CPU.ActiveCfg = Release|Any CPU
		{83F03E0A-0909-763C-1CB4-6FE93B84E118}.Release|Any CPU.Build.0 = Release|Any CPU
		{69CF49B2-843F-CEF8-AF8D-E11C9E48E8F4}.Debug|Any CPU.ActiveCfg = Debug|Any CPU
		{69CF49B2-843F-CEF8-AF8D-E11C9E48E8F4}.Debug|Any CPU.Build.0 = Debug|Any CPU
		{69CF49B2-843F-CEF8-AF8D-E11C9E48E8F4}.Release|Any CPU.ActiveCfg = Release|Any CPU
		{69CF49B2-843F-CEF8-AF8D-E11C9E48E8F4}.Release|Any CPU.Build.0 = Release|Any CPU
		{FCC9F185-2AF6-A804-64AC-FC1AD125F003}.Debug|Any CPU.ActiveCfg = Debug|Any CPU
		{FCC9F185-2AF6-A804-64AC-FC1AD125F003}.Debug|Any CPU.Build.0 = Debug|Any CPU
		{FCC9F185-2AF6-A804-64AC-FC1AD125F003}.Release|Any CPU.ActiveCfg = Release|Any CPU
		{FCC9F185-2AF6-A804-64AC-FC1AD125F003}.Release|Any CPU.Build.0 = Release|Any CPU
		{6C57C3E0-816D-6F46-E984-554F0EB8B57C}.Debug|Any CPU.ActiveCfg = Debug|Any CPU
		{6C57C3E0-816D-6F46-E984-554F0EB8B57C}.Debug|Any CPU.Build.0 = Debug|Any CPU
		{6C57C3E0-816D-6F46-E984-554F0EB8B57C}.Release|Any CPU.ActiveCfg = Release|Any CPU
		{6C57C3E0-816D-6F46-E984-554F0EB8B57C}.Release|Any CPU.Build.0 = Release|Any CPU
		{235F2194-4840-DE8C-4816-8A18A6DFF3F4}.Debug|Any CPU.ActiveCfg = Debug|Any CPU
		{235F2194-4840-DE8C-4816-8A18A6DFF3F4}.Debug|Any CPU.Build.0 = Debug|Any CPU
		{235F2194-4840-DE8C-4816-8A18A6DFF3F4}.Release|Any CPU.ActiveCfg = Release|Any CPU
		{235F2194-4840-DE8C-4816-8A18A6DFF3F4}.Release|Any CPU.Build.0 = Release|Any CPU
		{78B5DDAC-8EBA-3C91-639E-2D650522C938}.Debug|Any CPU.ActiveCfg = Debug|Any CPU
		{78B5DDAC-8EBA-3C91-639E-2D650522C938}.Debug|Any CPU.Build.0 = Debug|Any CPU
		{78B5DDAC-8EBA-3C91-639E-2D650522C938}.Release|Any CPU.ActiveCfg = Release|Any CPU
		{78B5DDAC-8EBA-3C91-639E-2D650522C938}.Release|Any CPU.Build.0 = Release|Any CPU
	EndGlobalSection
	GlobalSection(SolutionProperties) = preSolution
		HideSolutionNode = FALSE
	EndGlobalSection
EndGlobal
